
Microsoft Visual Studio Solution File, Format Version 12.00
# Visual Studio Version 17
VisualStudioVersion = 17.7.34031.279
MinimumVisualStudioVersion = 10.0.40219.1
Project("{8BC9CEB8-8B4A-11D0-8D11-00A0C91BC942}") = "Sandbox", "Sandbox\Sandbox.vcxproj", "{ECF414B7-DD63-4675-91BD-A1688211345D}"
EndProject
Project("{8BC9CEB8-8B4A-11D0-8D11-00A0C91BC942}") = "Hazel", "Hazel\Hazel.vcxproj", "{32265013-663D-48F7-BB63-3897407F88CE}"
EndProject

Global
	GlobalSection(SolutionConfigurationPlatforms) = preSolution
		Debug|x64 = Debug|x64
		Release|x64 = Release|x64
	EndGlobalSection
	GlobalSection(ProjectConfigurationPlatforms) = postSolution
		{32265013-663D-48F7-BB63-3897407F88CE}.Debug|x64.ActiveCfg = Debug|x64
		{32265013-663D-48F7-BB63-3897407F88CE}.Debug|x64.Build.0 = Debug|x64
		{32265013-663D-48F7-BB63-3897407F88CE}.Release|x64.ActiveCfg = Release|x64
		{32265013-663D-48F7-BB63-3897407F88CE}.Release|x64.Build.0 = Release|x64
		{ECF414B7-DD63-4675-91BD-A1688211345D}.Debug|x64.ActiveCfg = Debug|x64
		{ECF414B7-DD63-4675-91BD-A1688211345D}.Debug|x64.Build.0 = Debug|x64
		{ECF414B7-DD63-4675-91BD-A1688211345D}.Release|x64.ActiveCfg = Release|x64
		{ECF414B7-DD63-4675-91BD-A1688211345D}.Release|x64.Build.0 = Release|x64
	EndGlobalSection
	GlobalSection(SolutionProperties) = preSolution
		HideSolutionNode = FALSE
	EndGlobalSection
	GlobalSection(ExtensibilityGlobals) = postSolution
		SolutionGuid = {10D2C078-FBC6-46CA-B097-3E81303B1653}
	EndGlobalSection
EndGlobal
